// !$*UTF8*$!
{
	archiveVersion = 1;
	classes = {
	};
	objectVersion = 56;
	objects = {

/* Begin PBXBuildFile section */
		6A24BA3F29BFC55D0081841C /* AppDelegate.swift in Sources */ = {isa = PBXBuildFile; fileRef = 6A24BA3E29BFC55D0081841C /* AppDelegate.swift */; };
		6A24BA4129BFC55D0081841C /* SceneDelegate.swift in Sources */ = {isa = PBXBuildFile; fileRef = 6A24BA4029BFC55D0081841C /* SceneDelegate.swift */; };
		6A24BA4329BFC55D0081841C /* ViewController.swift in Sources */ = {isa = PBXBuildFile; fileRef = 6A24BA4229BFC55D0081841C /* ViewController.swift */; };
		6A24BA4629BFC55D0081841C /* Main.storyboard in Resources */ = {isa = PBXBuildFile; fileRef = 6A24BA4429BFC55D0081841C /* Main.storyboard */; };
		6A24BA4829BFC55E0081841C /* Assets.xcassets in Resources */ = {isa = PBXBuildFile; fileRef = 6A24BA4729BFC55E0081841C /* Assets.xcassets */; };
		6A24BA4B29BFC55E0081841C /* LaunchScreen.storyboard in Resources */ = {isa = PBXBuildFile; fileRef = 6A24BA4929BFC55E0081841C /* LaunchScreen.storyboard */; };
		6A3DF6FD29C09FE600C516C0 /* CryptoCrazy.swift in Sources */ = {isa = PBXBuildFile; fileRef = 6A3DF6FC29C09FE600C516C0 /* CryptoCrazy.swift */; };
		6A3DF70029C0E58F00C516C0 /* WebService.swift in Sources */ = {isa = PBXBuildFile; fileRef = 6A3DF6FF29C0E58F00C516C0 /* WebService.swift */; };
		6A3DF70229C0EF6700C516C0 /* CryptoViewModel.swift in Sources */ = {isa = PBXBuildFile; fileRef = 6A3DF70129C0EF6700C516C0 /* CryptoViewModel.swift */; };
		6AD50AAA29C059D8005009DC /* CryptoTableViewCell.swift in Sources */ = {isa = PBXBuildFile; fileRef = 6AD50AA929C059D8005009DC /* CryptoTableViewCell.swift */; };
/* End PBXBuildFile section */

/* Begin PBXFileReference section */
		6A24BA3B29BFC55D0081841C /* CryptoCrazy.app */ = {isa = PBXFileReference; explicitFileType = wrapper.application; includeInIndex = 0; path = CryptoCrazy.app; sourceTree = BUILT_PRODUCTS_DIR; };
		6A24BA3E29BFC55D0081841C /* AppDelegate.swift */ = {isa = PBXFileReference; lastKnownFileType = sourcecode.swift; path = AppDelegate.swift; sourceTree = "<group>"; };
		6A24BA4029BFC55D0081841C /* SceneDelegate.swift */ = {isa = PBXFileReference; lastKnownFileType = sourcecode.swift; path = SceneDelegate.swift; sourceTree = "<group>"; };
		6A24BA4229BFC55D0081841C /* ViewController.swift */ = {isa = PBXFileReference; lastKnownFileType = sourcecode.swift; path = ViewController.swift; sourceTree = "<group>"; };
		6A24BA4529BFC55D0081841C /* Base */ = {isa = PBXFileReference; lastKnownFileType = file.storyboard; name = Base; path = Base.lproj/Main.storyboard; sourceTree = "<group>"; };
		6A24BA4729BFC55E0081841C /* Assets.xcassets */ = {isa = PBXFileReference; lastKnownFileType = folder.assetcatalog; path = Assets.xcassets; sourceTree = "<group>"; };
		6A24BA4A29BFC55E0081841C /* Base */ = {isa = PBXFileReference; lastKnownFileType = file.storyboard; name = Base; path = Base.lproj/LaunchScreen.storyboard; sourceTree = "<group>"; };
		6A24BA4C29BFC55E0081841C /* Info.plist */ = {isa = PBXFileReference; lastKnownFileType = text.plist.xml; path = Info.plist; sourceTree = "<group>"; };
		6A3DF6FC29C09FE600C516C0 /* CryptoCrazy.swift */ = {isa = PBXFileReference; lastKnownFileType = sourcecode.swift; path = CryptoCrazy.swift; sourceTree = "<group>"; };
		6A3DF6FF29C0E58F00C516C0 /* WebService.swift */ = {isa = PBXFileReference; lastKnownFileType = sourcecode.swift; path = WebService.swift; sourceTree = "<group>"; };
		6A3DF70129C0EF6700C516C0 /* CryptoViewModel.swift */ = {isa = PBXFileReference; lastKnownFileType = sourcecode.swift; path = CryptoViewModel.swift; sourceTree = "<group>"; };
		6AD50AA929C059D8005009DC /* CryptoTableViewCell.swift */ = {isa = PBXFileReference; lastKnownFileType = sourcecode.swift; path = CryptoTableViewCell.swift; sourceTree = "<group>"; };
/* End PBXFileReference section */

/* Begin PBXFrameworksBuildPhase section */
		6A24BA3829BFC55D0081841C /* Frameworks */ = {
			isa = PBXFrameworksBuildPhase;
			buildActionMask = 2147483647;
			files = (
			);
			runOnlyForDeploymentPostprocessing = 0;
		};
/* End PBXFrameworksBuildPhase section */

/* Begin PBXGroup section */
		6A24BA3229BFC55D0081841C = {
			isa = PBXGroup;
			children = (
				6A24BA3D29BFC55D0081841C /* CryptoCrazy */,
				6A24BA3C29BFC55D0081841C /* Products */,
			);
			sourceTree = "<group>";
		};
		6A24BA3C29BFC55D0081841C /* Products */ = {
			isa = PBXGroup;
			children = (
				6A24BA3B29BFC55D0081841C /* CryptoCrazy.app */,
			);
			name = Products;
			sourceTree = "<group>";
		};
		6A24BA3D29BFC55D0081841C /* CryptoCrazy */ = {
			isa = PBXGroup;
			children = (
				6A3DF6FE29C0E58200C516C0 /* Service */,
				6A3DF6FB29C09FC000C516C0 /* ViewModel */,
				6A3DF6FA29C09FBB00C516C0 /* Model */,
				6A3DF6F929C09FB700C516C0 /* View */,
				6A24BA4429BFC55D0081841C /* Main.storyboard */,
				6A24BA4729BFC55E0081841C /* Assets.xcassets */,
				6A24BA4929BFC55E0081841C /* LaunchScreen.storyboard */,
				6A24BA4C29BFC55E0081841C /* Info.plist */,
			);
			path = CryptoCrazy;
			sourceTree = "<group>";
		};
		6A3DF6F929C09FB700C516C0 /* View */ = {
			isa = PBXGroup;
			children = (
				6A24BA3E29BFC55D0081841C /* AppDelegate.swift */,
				6A24BA4029BFC55D0081841C /* SceneDelegate.swift */,
				6A24BA4229BFC55D0081841C /* ViewController.swift */,
				6AD50AA929C059D8005009DC /* CryptoTableViewCell.swift */,
			);
			path = View;
			sourceTree = "<group>";
		};
		6A3DF6FA29C09FBB00C516C0 /* Model */ = {
			isa = PBXGroup;
			children = (
				6A3DF6FC29C09FE600C516C0 /* CryptoCrazy.swift */,
			);
			path = Model;
			sourceTree = "<group>";
		};
		6A3DF6FB29C09FC000C516C0 /* ViewModel */ = {
			isa = PBXGroup;
			children = (
				6A3DF70129C0EF6700C516C0 /* CryptoViewModel.swift */,
			);
			path = ViewModel;
			sourceTree = "<group>";
		};
		6A3DF6FE29C0E58200C516C0 /* Service */ = {
			isa = PBXGroup;
			children = (
				6A3DF6FF29C0E58F00C516C0 /* WebService.swift */,
			);
			path = Service;
			sourceTree = "<group>";
		};
/* End PBXGroup section */

/* Begin PBXNativeTarget section */
		6A24BA3A29BFC55D0081841C /* CryptoCrazy */ = {
			isa = PBXNativeTarget;
			buildConfigurationList = 6A24BA4F29BFC55E0081841C /* Build configuration list for PBXNativeTarget "CryptoCrazy" */;
			buildPhases = (
				6A24BA3729BFC55D0081841C /* Sources */,
				6A24BA3829BFC55D0081841C /* Frameworks */,
				6A24BA3929BFC55D0081841C /* Resources */,
			);
			buildRules = (
			);
			dependencies = (
			);
			name = CryptoCrazy;
			productName = CryptoCrazy;
			productReference = 6A24BA3B29BFC55D0081841C /* CryptoCrazy.app */;
			productType = "com.apple.product-type.application";
		};
/* End PBXNativeTarget section */

/* Begin PBXProject section */
		6A24BA3329BFC55D0081841C /* Project object */ = {
			isa = PBXProject;
			attributes = {
				BuildIndependentTargetsInParallel = 1;
				LastSwiftUpdateCheck = 1400;
				LastUpgradeCheck = 1400;
				TargetAttributes = {
					6A24BA3A29BFC55D0081841C = {
						CreatedOnToolsVersion = 14.0.1;
					};
				};
			};
			buildConfigurationList = 6A24BA3629BFC55D0081841C /* Build configuration list for PBXProject "CryptoCrazy" */;
			compatibilityVersion = "Xcode 14.0";
			developmentRegion = en;
			hasScannedForEncodings = 0;
			knownRegions = (
				en,
				Base,
			);
			mainGroup = 6A24BA3229BFC55D0081841C;
			productRefGroup = 6A24BA3C29BFC55D0081841C /* Products */;
			projectDirPath = "";
			projectRoot = "";
			targets = (
				6A24BA3A29BFC55D0081841C /* CryptoCrazy */,
			);
		};
/* End PBXProject section */

/* Begin PBXResourcesBuildPhase section */
		6A24BA3929BFC55D0081841C /* Resources */ = {
			isa = PBXResourcesBuildPhase;
			buildActionMask = 2147483647;
			files = (
				6A24BA4B29BFC55E0081841C /* LaunchScreen.storyboard in Resources */,
				6A24BA4829BFC55E0081841C /* Assets.xcassets in Resources */,
				6A24BA4629BFC55D0081841C /* Main.storyboard in Resources */,
			);
			runOnlyForDeploymentPostprocessing = 0;
		};
/* End PBXResourcesBuildPhase section */

/* Begin PBXSourcesBuildPhase section */
		6A24BA3729BFC55D0081841C /* Sources */ = {
			isa = PBXSourcesBuildPhase;
			buildActionMask = 2147483647;
			files = (
				6A3DF70029C0E58F00C516C0 /* WebService.swift in Sources */,
				6AD50AAA29C059D8005009DC /* CryptoTableViewCell.swift in Sources */,
				6A24BA4329BFC55D0081841C /* ViewController.swift in Sources */,
				6A3DF70229C0EF6700C516C0 /* CryptoViewModel.swift in Sources */,
				6A24BA3F29BFC55D0081841C /* AppDelegate.swift in Sources */,
				6A24BA4129BFC55D0081841C /* SceneDelegate.swift in Sources */,
				6A3DF6FD29C09FE600C516C0 /* CryptoCrazy.swift in Sources */,
			);
			runOnlyForDeploymentPostprocessing = 0;
		};
/* End PBXSourcesBuildPhase section */

/* Begin PBXVariantGroup section */
		6A24BA4429BFC55D0081841C /* Main.storyboard */ = {
			isa = PBXVariantGroup;
			children = (
				6A24BA4529BFC55D0081841C /* Base */,
			);
			name = Main.storyboard;
			sourceTree = "<group>";
		};
		6A24BA4929BFC55E0081841C /* LaunchScreen.storyboard */ = {
			isa = PBXVariantGroup;
			children = (
				6A24BA4A29BFC55E0081841C /* Base */,
			);
			name = LaunchScreen.storyboard;
			sourceTree = "<group>";
		};
/* End PBXVariantGroup section */

/* Begin XCBuildConfiguration section */
		6A24BA4D29BFC55E0081841C /* Debug */ = {
			isa = XCBuildConfiguration;
			buildSettings = {
				ALWAYS_SEARCH_USER_PATHS = NO;
				CLANG_ANALYZER_NONNULL = YES;
				CLANG_ANALYZER_NUMBER_OBJECT_CONVERSION = YES_AGGRESSIVE;
				CLANG_CXX_LANGUAGE_STANDARD = "gnu++20";
				CLANG_ENABLE_MODULES = YES;
				CLANG_ENABLE_OBJC_ARC = YES;
				CLANG_ENABLE_OBJC_WEAK = YES;
				CLANG_WARN_BLOCK_CAPTURE_AUTORELEASING = YES;
				CLANG_WARN_BOOL_CONVERSION = YES;
				CLANG_WARN_COMMA = YES;
				CLANG_WARN_CONSTANT_CONVERSION = YES;
				CLANG_WARN_DEPRECATED_OBJC_IMPLEMENTATIONS = YES;
				CLANG_WARN_DIRECT_OBJC_ISA_USAGE = YES_ERROR;
				CLANG_WARN_DOCUMENTATION_COMMENTS = YES;
				CLANG_WARN_EMPTY_BODY = YES;
				CLANG_WARN_ENUM_CONVERSION = YES;
				CLANG_WARN_INFINITE_RECURSION = YES;
				CLANG_WARN_INT_CONVERSION = YES;
				CLANG_WARN_NON_LITERAL_NULL_CONVERSION = YES;
				CLANG_WARN_OBJC_IMPLICIT_RETAIN_SELF = YES;
				CLANG_WARN_OBJC_LITERAL_CONVERSION = YES;
				CLANG_WARN_OBJC_ROOT_CLASS = YES_ERROR;
				CLANG_WARN_QUOTED_INCLUDE_IN_FRAMEWORK_HEADER = YES;
				CLANG_WARN_RANGE_LOOP_ANALYSIS = YES;
				CLANG_WARN_STRICT_PROTOTYPES = YES;
				CLANG_WARN_SUSPICIOUS_MOVE = YES;
				CLANG_WARN_UNGUARDED_AVAILABILITY = YES_AGGRESSIVE;
				CLANG_WARN_UNREACHABLE_CODE = YES;
				CLANG_WARN__DUPLICATE_METHOD_MATCH = YES;
				COPY_PHASE_STRIP = NO;
				DEBUG_INFORMATION_FORMAT = dwarf;
				ENABLE_STRICT_OBJC_MSGSEND = YES;
				ENABLE_TESTABILITY = YES;
				GCC_C_LANGUAGE_STANDARD = gnu11;
				GCC_DYNAMIC_NO_PIC = NO;
				GCC_NO_COMMON_BLOCKS = YES;
				GCC_OPTIMIZATION_LEVEL = 0;
				GCC_PREPROCESSOR_DEFINITIONS = (
					"DEBUG=1",
					"$(inherited)",
				);
				GCC_WARN_64_TO_32_BIT_CONVERSION = YES;
				GCC_WARN_ABOUT_RETURN_TYPE = YES_ERROR;
				GCC_WARN_UNDECLARED_SELECTOR = YES;
				GCC_WARN_UNINITIALIZED_AUTOS = YES_AGGRESSIVE;
				GCC_WARN_UNUSED_FUNCTION = YES;
				GCC_WARN_UNUSED_VARIABLE = YES;
				IPHONEOS_DEPLOYMENT_TARGET = 16.0;
				MTL_ENABLE_DEBUG_INFO = INCLUDE_SOURCE;
				MTL_FAST_MATH = YES;
				ONLY_ACTIVE_ARCH = YES;
				SDKROOT = iphoneos;
				SWIFT_ACTIVE_COMPILATION_CONDITIONS = DEBUG;
				SWIFT_OPTIMIZATION_LEVEL = "-Onone";
			};
			name = Debug;
		};
		6A24BA4E29BFC55E0081841C /* Release */ = {
			isa = XCBuildConfiguration;
			buildSettings = {
				ALWAYS_SEARCH_USER_PATHS = NO;
				CLANG_ANALYZER_NONNULL = YES;
				CLANG_ANALYZER_NUMBER_OBJECT_CONVERSION = YES_AGGRESSIVE;
				CLANG_CXX_LANGUAGE_STANDARD = "gnu++20";
				CLANG_ENABLE_MODULES = YES;
				CLANG_ENABLE_OBJC_ARC = YES;
				CLANG_ENABLE_OBJC_WEAK = YES;
				CLANG_WARN_BLOCK_CAPTURE_AUTORELEASING = YES;
				CLANG_WARN_BOOL_CONVERSION = YES;
				CLANG_WARN_COMMA = YES;
				CLANG_WARN_CONSTANT_CONVERSION = YES;
				CLANG_WARN_DEPRECATED_OBJC_IMPLEMENTATIONS = YES;
				CLANG_WARN_DIRECT_OBJC_ISA_USAGE = YES_ERROR;
				CLANG_WARN_DOCUMENTATION_COMMENTS = YES;
				CLANG_WARN_EMPTY_BODY = YES;
				CLANG_WARN_ENUM_CONVERSION = YES;
				CLANG_WARN_INFINITE_RECURSION = YES;
				CLANG_WARN_INT_CONVERSION = YES;
				CLANG_WARN_NON_LITERAL_NULL_CONVERSION = YES;
				CLANG_WARN_OBJC_IMPLICIT_RETAIN_SELF = YES;
				CLANG_WARN_OBJC_LITERAL_CONVERSION = YES;
				CLANG_WARN_OBJC_ROOT_CLASS = YES_ERROR;
				CLANG_WARN_QUOTED_INCLUDE_IN_FRAMEWORK_HEADER = YES;
				CLANG_WARN_RANGE_LOOP_ANALYSIS = YES;
				CLANG_WARN_STRICT_PROTOTYPES = YES;
				CLANG_WARN_SUSPICIOUS_MOVE = YES;
				CLANG_WARN_UNGUARDED_AVAILABILITY = YES_AGGRESSIVE;
				CLANG_WARN_UNREACHABLE_CODE = YES;
				CLANG_WARN__DUPLICATE_METHOD_MATCH = YES;
				COPY_PHASE_STRIP = NO;
				DEBUG_INFORMATION_FORMAT = "dwarf-with-dsym";
				ENABLE_NS_ASSERTIONS = NO;
				ENABLE_STRICT_OBJC_MSGSEND = YES;
				GCC_C_LANGUAGE_STANDARD = gnu11;
				GCC_NO_COMMON_BLOCKS = YES;
				GCC_WARN_64_TO_32_BIT_CONVERSION = YES;
				GCC_WARN_ABOUT_RETURN_TYPE = YES_ERROR;
				GCC_WARN_UNDECLARED_SELECTOR = YES;
				GCC_WARN_UNINITIALIZED_AUTOS = YES_AGGRESSIVE;
				GCC_WARN_UNUSED_FUNCTION = YES;
				GCC_WARN_UNUSED_VARIABLE = YES;
				IPHONEOS_DEPLOYMENT_TARGET = 16.0;
				MTL_ENABLE_DEBUG_INFO = NO;
				MTL_FAST_MATH = YES;
				SDKROOT = iphoneos;
				SWIFT_COMPILATION_MODE = wholemodule;
				SWIFT_OPTIMIZATION_LEVEL = "-O";
				VALIDATE_PRODUCT = YES;
			};
			name = Release;
		};
		6A24BA5029BFC55E0081841C /* Debug */ = {
			isa = XCBuildConfiguration;
			buildSettings = {
				ASSETCATALOG_COMPILER_APPICON_NAME = AppIcon;
				ASSETCATALOG_COMPILER_GLOBAL_ACCENT_COLOR_NAME = AccentColor;
				CODE_SIGN_STYLE = Automatic;
				CURRENT_PROJECT_VERSION = 1;
				DEVELOPMENT_TEAM = Y5JW4F4D62;
				GENERATE_INFOPLIST_FILE = YES;
				INFOPLIST_FILE = CryptoCrazy/Info.plist;
				INFOPLIST_KEY_UIApplicationSupportsIndirectInputEvents = YES;
				INFOPLIST_KEY_UILaunchStoryboardName = LaunchScreen;
				INFOPLIST_KEY_UIMainStoryboardFile = Main;
				INFOPLIST_KEY_UISupportedInterfaceOrientations_iPad = "UIInterfaceOrientationPortrait UIInterfaceOrientationPortraitUpsideDown UIInterfaceOrientationLandscapeLeft UIInterfaceOrientationLandscapeRight";
				INFOPLIST_KEY_UISupportedInterfaceOrientations_iPhone = "UIInterfaceOrientationPortrait UIInterfaceOrientationLandscapeLeft UIInterfaceOrientationLandscapeRight";
				LD_RUNPATH_SEARCH_PATHS = (
					"$(inherited)",
					"@executable_path/Frameworks",
				);
				MARKETING_VERSION = 1.0;
				PRODUCT_BUNDLE_IDENTIFIER = com.elifbilgeparlak.CryptoCrazy;
				PRODUCT_NAME = "$(TARGET_NAME)";
				SWIFT_EMIT_LOC_STRINGS = YES;
				SWIFT_VERSION = 5.0;
				TARGETED_DEVICE_FAMILY = "1,2";
			};
			name = Debug;
		};
		6A24BA5129BFC55E0081841C /* Release */ = {
			isa = XCBuildConfiguration;
			buildSettings = {
				ASSETCATALOG_COMPILER_APPICON_NAME = AppIcon;
				ASSETCATALOG_COMPILER_GLOBAL_ACCENT_COLOR_NAME = AccentColor;
				CODE_SIGN_STYLE = Automatic;
				CURRENT_PROJECT_VERSION = 1;
				DEVELOPMENT_TEAM = Y5JW4F4D62;
				GENERATE_INFOPLIST_FILE = YES;
				INFOPLIST_FILE = CryptoCrazy/Info.plist;
				INFOPLIST_KEY_UIApplicationSupportsIndirectInputEvents = YES;
				INFOPLIST_KEY_UILaunchStoryboardName = LaunchScreen;
				INFOPLIST_KEY_UIMainStoryboardFile = Main;
				INFOPLIST_KEY_UISupportedInterfaceOrientations_iPad = "UIInterfaceOrientationPortrait UIInterfaceOrientationPortraitUpsideDown UIInterfaceOrientationLandscapeLeft UIInterfaceOrientationLandscapeRight";
				INFOPLIST_KEY_UISupportedInterfaceOrientations_iPhone = "UIInterfaceOrientationPortrait UIInterfaceOrientationLandscapeLeft UIInterfaceOrientationLandscapeRight";
				LD_RUNPATH_SEARCH_PATHS = (
					"$(inherited)",
					"@executable_path/Frameworks",
				);
				MARKETING_VERSION = 1.0;
				PRODUCT_BUNDLE_IDENTIFIER = com.elifbilgeparlak.CryptoCrazy;
				PRODUCT_NAME = "$(TARGET_NAME)";
				SWIFT_EMIT_LOC_STRINGS = YES;
				SWIFT_VERSION = 5.0;
				TARGETED_DEVICE_FAMILY = "1,2";
			};
			name = Release;
		};
/* End XCBuildConfiguration section */

/* Begin XCConfigurationList section */
		6A24BA3629BFC55D0081841C /* Build configuration list for PBXProject "CryptoCrazy" */ = {
			isa = XCConfigurationList;
			buildConfigurations = (
				6A24BA4D29BFC55E0081841C /* Debug */,
				6A24BA4E29BFC55E0081841C /* Release */,
			);
			defaultConfigurationIsVisible = 0;
			defaultConfigurationName = Release;
		};
		6A24BA4F29BFC55E0081841C /* Build configuration list for PBXNativeTarget "CryptoCrazy" */ = {
			isa = XCConfigurationList;
			buildConfigurations = (
				6A24BA5029BFC55E0081841C /* Debug */,
				6A24BA5129BFC55E0081841C /* Release */,
			);
			defaultConfigurationIsVisible = 0;
			defaultConfigurationName = Release;
		};
/* End XCConfigurationList section */
	};
	rootObject = 6A24BA3329BFC55D0081841C /* Project object */;
}
