// !$*UTF8*$!
{
	archiveVersion = 1;
	classes = {
	};
	objectVersion = 56;
	objects = {

/* Begin PBXBuildFile section */
		6A156C8529B916260043F4B4 /* AppDelegate.swift in Sources */ = {isa = PBXBuildFile; fileRef = 6A156C8429B916260043F4B4 /* AppDelegate.swift */; };
		6A156C8729B916260043F4B4 /* SceneDelegate.swift in Sources */ = {isa = PBXBuildFile; fileRef = 6A156C8629B916260043F4B4 /* SceneDelegate.swift */; };
		6A156C8929B916260043F4B4 /* SignInViewController.swift in Sources */ = {isa = PBXBuildFile; fileRef = 6A156C8829B916260043F4B4 /* SignInViewController.swift */; };
		6A156C8C29B916260043F4B4 /* Main.storyboard in Resources */ = {isa = PBXBuildFile; fileRef = 6A156C8A29B916260043F4B4 /* Main.storyboard */; };
		6A156C8E29B916270043F4B4 /* Assets.xcassets in Resources */ = {isa = PBXBuildFile; fileRef = 6A156C8D29B916270043F4B4 /* Assets.xcassets */; };
		6A156C9129B916270043F4B4 /* LaunchScreen.storyboard in Resources */ = {isa = PBXBuildFile; fileRef = 6A156C8F29B916270043F4B4 /* LaunchScreen.storyboard */; };
		6A156C9929B916B90043F4B4 /* GoogleService-Info.plist in Resources */ = {isa = PBXBuildFile; fileRef = 6A156C9829B916B90043F4B4 /* GoogleService-Info.plist */; };
		6A56BCE129BB4905000AEA3F /* FeedCell.swift in Sources */ = {isa = PBXBuildFile; fileRef = 6A56BCE029BB4905000AEA3F /* FeedCell.swift */; };
		6A56BCE329BB5159000AEA3F /* SnapModel.swift in Sources */ = {isa = PBXBuildFile; fileRef = 6A56BCE229BB5159000AEA3F /* SnapModel.swift */; };
		6A99030829B91B6B00EDA07A /* FeedViewController.swift in Sources */ = {isa = PBXBuildFile; fileRef = 6A99030729B91B6B00EDA07A /* FeedViewController.swift */; };
		6A99030A29B91B7800EDA07A /* UploadViewController.swift in Sources */ = {isa = PBXBuildFile; fileRef = 6A99030929B91B7800EDA07A /* UploadViewController.swift */; };
		6A99030C29B91B8900EDA07A /* SettingsViewController.swift in Sources */ = {isa = PBXBuildFile; fileRef = 6A99030B29B91B8900EDA07A /* SettingsViewController.swift */; };
		6AE2356E29B9246900F6FAE6 /* SnapViewController.swift in Sources */ = {isa = PBXBuildFile; fileRef = 6AE2356D29B9246900F6FAE6 /* SnapViewController.swift */; };
		6AF044B129BA250400E24192 /* UserSingleton.swift in Sources */ = {isa = PBXBuildFile; fileRef = 6AF044B029BA250400E24192 /* UserSingleton.swift */; };
		C9EE092573FF1B20DE31F4EC /* Pods_BasicSnapchatClone.framework in Frameworks */ = {isa = PBXBuildFile; fileRef = E7893604280AA665F0203A35 /* Pods_BasicSnapchatClone.framework */; };
/* End PBXBuildFile section */

/* Begin PBXFileReference section */
		0FDC45636F5C2D561179F196 /* Pods-BasicSnapchatClone.release.xcconfig */ = {isa = PBXFileReference; includeInIndex = 1; lastKnownFileType = text.xcconfig; name = "Pods-BasicSnapchatClone.release.xcconfig"; path = "Target Support Files/Pods-BasicSnapchatClone/Pods-BasicSnapchatClone.release.xcconfig"; sourceTree = "<group>"; };
		6A156C8129B916260043F4B4 /* BasicSnapchatClone.app */ = {isa = PBXFileReference; explicitFileType = wrapper.application; includeInIndex = 0; path = BasicSnapchatClone.app; sourceTree = BUILT_PRODUCTS_DIR; };
		6A156C8429B916260043F4B4 /* AppDelegate.swift */ = {isa = PBXFileReference; lastKnownFileType = sourcecode.swift; path = AppDelegate.swift; sourceTree = "<group>"; };
		6A156C8629B916260043F4B4 /* SceneDelegate.swift */ = {isa = PBXFileReference; lastKnownFileType = sourcecode.swift; path = SceneDelegate.swift; sourceTree = "<group>"; };
		6A156C8829B916260043F4B4 /* SignInViewController.swift */ = {isa = PBXFileReference; lastKnownFileType = sourcecode.swift; path = SignInViewController.swift; sourceTree = "<group>"; };
		6A156C8B29B916260043F4B4 /* Base */ = {isa = PBXFileReference; lastKnownFileType = file.storyboard; name = Base; path = Base.lproj/Main.storyboard; sourceTree = "<group>"; };
		6A156C8D29B916270043F4B4 /* Assets.xcassets */ = {isa = PBXFileReference; lastKnownFileType = folder.assetcatalog; path = Assets.xcassets; sourceTree = "<group>"; };
		6A156C9029B916270043F4B4 /* Base */ = {isa = PBXFileReference; lastKnownFileType = file.storyboard; name = Base; path = Base.lproj/LaunchScreen.storyboard; sourceTree = "<group>"; };
		6A156C9229B916270043F4B4 /* Info.plist */ = {isa = PBXFileReference; lastKnownFileType = text.plist.xml; path = Info.plist; sourceTree = "<group>"; };
		6A156C9829B916B90043F4B4 /* GoogleService-Info.plist */ = {isa = PBXFileReference; fileEncoding = 4; lastKnownFileType = text.plist.xml; path = "GoogleService-Info.plist"; sourceTree = "<group>"; };
		6A56BCE029BB4905000AEA3F /* FeedCell.swift */ = {isa = PBXFileReference; lastKnownFileType = sourcecode.swift; path = FeedCell.swift; sourceTree = "<group>"; };
		6A56BCE229BB5159000AEA3F /* SnapModel.swift */ = {isa = PBXFileReference; lastKnownFileType = sourcecode.swift; path = SnapModel.swift; sourceTree = "<group>"; };
		6A99030729B91B6B00EDA07A /* FeedViewController.swift */ = {isa = PBXFileReference; lastKnownFileType = sourcecode.swift; path = FeedViewController.swift; sourceTree = "<group>"; };
		6A99030929B91B7800EDA07A /* UploadViewController.swift */ = {isa = PBXFileReference; lastKnownFileType = sourcecode.swift; path = UploadViewController.swift; sourceTree = "<group>"; };
		6A99030B29B91B8900EDA07A /* SettingsViewController.swift */ = {isa = PBXFileReference; lastKnownFileType = sourcecode.swift; path = SettingsViewController.swift; sourceTree = "<group>"; };
		6AE2356D29B9246900F6FAE6 /* SnapViewController.swift */ = {isa = PBXFileReference; lastKnownFileType = sourcecode.swift; path = SnapViewController.swift; sourceTree = "<group>"; };
		6AF044B029BA250400E24192 /* UserSingleton.swift */ = {isa = PBXFileReference; lastKnownFileType = sourcecode.swift; path = UserSingleton.swift; sourceTree = "<group>"; };
		8E2C72A935AABE012165474E /* Pods-BasicSnapchatClone.debug.xcconfig */ = {isa = PBXFileReference; includeInIndex = 1; lastKnownFileType = text.xcconfig; name = "Pods-BasicSnapchatClone.debug.xcconfig"; path = "Target Support Files/Pods-BasicSnapchatClone/Pods-BasicSnapchatClone.debug.xcconfig"; sourceTree = "<group>"; };
		E7893604280AA665F0203A35 /* Pods_BasicSnapchatClone.framework */ = {isa = PBXFileReference; explicitFileType = wrapper.framework; includeInIndex = 0; path = Pods_BasicSnapchatClone.framework; sourceTree = BUILT_PRODUCTS_DIR; };
/* End PBXFileReference section */

/* Begin PBXFrameworksBuildPhase section */
		6A156C7E29B916260043F4B4 /* Frameworks */ = {
			isa = PBXFrameworksBuildPhase;
			buildActionMask = 2147483647;
			files = (
				C9EE092573FF1B20DE31F4EC /* Pods_BasicSnapchatClone.framework in Frameworks */,
			);
			runOnlyForDeploymentPostprocessing = 0;
		};
/* End PBXFrameworksBuildPhase section */

/* Begin PBXGroup section */
		4903A0447A73C7CBF27CB8E2 /* Frameworks */ = {
			isa = PBXGroup;
			children = (
				E7893604280AA665F0203A35 /* Pods_BasicSnapchatClone.framework */,
			);
			name = Frameworks;
			sourceTree = "<group>";
		};
		6A156C7829B916260043F4B4 = {
			isa = PBXGroup;
			children = (
				6A156C8329B916260043F4B4 /* BasicSnapchatClone */,
				6A156C8229B916260043F4B4 /* Products */,
				FB93E6C31F9FD4C4E90E2D20 /* Pods */,
				4903A0447A73C7CBF27CB8E2 /* Frameworks */,
			);
			sourceTree = "<group>";
		};
		6A156C8229B916260043F4B4 /* Products */ = {
			isa = PBXGroup;
			children = (
				6A156C8129B916260043F4B4 /* BasicSnapchatClone.app */,
			);
			name = Products;
			sourceTree = "<group>";
		};
		6A156C8329B916260043F4B4 /* BasicSnapchatClone */ = {
			isa = PBXGroup;
			children = (
				6AF044AF29BA24EB00E24192 /* Models */,
				6A99030F29B91BC000EDA07A /* Delegates */,
				6A99030D29B91B9200EDA07A /* ViewControllers */,
				6A156C8A29B916260043F4B4 /* Main.storyboard */,
				6A156C8D29B916270043F4B4 /* Assets.xcassets */,
				6A156C8F29B916270043F4B4 /* LaunchScreen.storyboard */,
				6A156C9229B916270043F4B4 /* Info.plist */,
				6A156C9829B916B90043F4B4 /* GoogleService-Info.plist */,
				6A56BCE029BB4905000AEA3F /* FeedCell.swift */,
			);
			path = BasicSnapchatClone;
			sourceTree = "<group>";
		};
		6A99030D29B91B9200EDA07A /* ViewControllers */ = {
			isa = PBXGroup;
			children = (
				6A156C8829B916260043F4B4 /* SignInViewController.swift */,
				6A99030729B91B6B00EDA07A /* FeedViewController.swift */,
				6A99030929B91B7800EDA07A /* UploadViewController.swift */,
				6A99030B29B91B8900EDA07A /* SettingsViewController.swift */,
				6AE2356D29B9246900F6FAE6 /* SnapViewController.swift */,
			);
			path = ViewControllers;
			sourceTree = "<group>";
		};
		6A99030F29B91BC000EDA07A /* Delegates */ = {
			isa = PBXGroup;
			children = (
				6A156C8429B916260043F4B4 /* AppDelegate.swift */,
				6A156C8629B916260043F4B4 /* SceneDelegate.swift */,
			);
			path = Delegates;
			sourceTree = "<group>";
		};
		6AF044AF29BA24EB00E24192 /* Models */ = {
			isa = PBXGroup;
			children = (
				6AF044B029BA250400E24192 /* UserSingleton.swift */,
				6A56BCE229BB5159000AEA3F /* SnapModel.swift */,
			);
			path = Models;
			sourceTree = "<group>";
		};
		FB93E6C31F9FD4C4E90E2D20 /* Pods */ = {
			isa = PBXGroup;
			children = (
				8E2C72A935AABE012165474E /* Pods-BasicSnapchatClone.debug.xcconfig */,
				0FDC45636F5C2D561179F196 /* Pods-BasicSnapchatClone.release.xcconfig */,
			);
			path = Pods;
			sourceTree = "<group>";
		};
/* End PBXGroup section */

/* Begin PBXNativeTarget section */
		6A156C8029B916260043F4B4 /* BasicSnapchatClone */ = {
			isa = PBXNativeTarget;
			buildConfigurationList = 6A156C9529B916270043F4B4 /* Build configuration list for PBXNativeTarget "BasicSnapchatClone" */;
			buildPhases = (
				353D2D342A115B401F5F9193 /* [CP] Check Pods Manifest.lock */,
				6A156C7D29B916260043F4B4 /* Sources */,
				6A156C7E29B916260043F4B4 /* Frameworks */,
				6A156C7F29B916260043F4B4 /* Resources */,
				C9FBC15432675E7FA4546BED /* [CP] Embed Pods Frameworks */,
			);
			buildRules = (
			);
			dependencies = (
			);
			name = BasicSnapchatClone;
			productName = BasicSnapchatClone;
			productReference = 6A156C8129B916260043F4B4 /* BasicSnapchatClone.app */;
			productType = "com.apple.product-type.application";
		};
/* End PBXNativeTarget section */

/* Begin PBXProject section */
		6A156C7929B916260043F4B4 /* Project object */ = {
			isa = PBXProject;
			attributes = {
				BuildIndependentTargetsInParallel = 1;
				LastSwiftUpdateCheck = 1400;
				LastUpgradeCheck = 1400;
				TargetAttributes = {
					6A156C8029B916260043F4B4 = {
						CreatedOnToolsVersion = 14.0.1;
					};
				};
			};
			buildConfigurationList = 6A156C7C29B916260043F4B4 /* Build configuration list for PBXProject "BasicSnapchatClone" */;
			compatibilityVersion = "Xcode 14.0";
			developmentRegion = en;
			hasScannedForEncodings = 0;
			knownRegions = (
				en,
				Base,
			);
			mainGroup = 6A156C7829B916260043F4B4;
			productRefGroup = 6A156C8229B916260043F4B4 /* Products */;
			projectDirPath = "";
			projectRoot = "";
			targets = (
				6A156C8029B916260043F4B4 /* BasicSnapchatClone */,
			);
		};
/* End PBXProject section */

/* Begin PBXResourcesBuildPhase section */
		6A156C7F29B916260043F4B4 /* Resources */ = {
			isa = PBXResourcesBuildPhase;
			buildActionMask = 2147483647;
			files = (
				6A156C9129B916270043F4B4 /* LaunchScreen.storyboard in Resources */,
				6A156C9929B916B90043F4B4 /* GoogleService-Info.plist in Resources */,
				6A156C8E29B916270043F4B4 /* Assets.xcassets in Resources */,
				6A156C8C29B916260043F4B4 /* Main.storyboard in Resources */,
			);
			runOnlyForDeploymentPostprocessing = 0;
		};
/* End PBXResourcesBuildPhase section */

/* Begin PBXShellScriptBuildPhase section */
		353D2D342A115B401F5F9193 /* [CP] Check Pods Manifest.lock */ = {
			isa = PBXShellScriptBuildPhase;
			buildActionMask = 2147483647;
			files = (
			);
			inputFileListPaths = (
			);
			inputPaths = (
				"${PODS_PODFILE_DIR_PATH}/Podfile.lock",
				"${PODS_ROOT}/Manifest.lock",
			);
			name = "[CP] Check Pods Manifest.lock";
			outputFileListPaths = (
			);
			outputPaths = (
				"$(DERIVED_FILE_DIR)/Pods-BasicSnapchatClone-checkManifestLockResult.txt",
			);
			runOnlyForDeploymentPostprocessing = 0;
			shellPath = /bin/sh;
			shellScript = "diff \"${PODS_PODFILE_DIR_PATH}/Podfile.lock\" \"${PODS_ROOT}/Manifest.lock\" > /dev/null\nif [ $? != 0 ] ; then\n    # print error to STDERR\n    echo \"error: The sandbox is not in sync with the Podfile.lock. Run 'pod install' or update your CocoaPods installation.\" >&2\n    exit 1\nfi\n# This output is used by Xcode 'outputs' to avoid re-running this script phase.\necho \"SUCCESS\" > \"${SCRIPT_OUTPUT_FILE_0}\"\n";
			showEnvVarsInLog = 0;
		};
		C9FBC15432675E7FA4546BED /* [CP] Embed Pods Frameworks */ = {
			isa = PBXShellScriptBuildPhase;
			buildActionMask = 2147483647;
			files = (
			);
			inputFileListPaths = (
				"${PODS_ROOT}/Target Support Files/Pods-BasicSnapchatClone/Pods-BasicSnapchatClone-frameworks-${CONFIGURATION}-input-files.xcfilelist",
			);
			name = "[CP] Embed Pods Frameworks";
			outputFileListPaths = (
				"${PODS_ROOT}/Target Support Files/Pods-BasicSnapchatClone/Pods-BasicSnapchatClone-frameworks-${CONFIGURATION}-output-files.xcfilelist",
			);
			runOnlyForDeploymentPostprocessing = 0;
			shellPath = /bin/sh;
			shellScript = "\"${PODS_ROOT}/Target Support Files/Pods-BasicSnapchatClone/Pods-BasicSnapchatClone-frameworks.sh\"\n";
			showEnvVarsInLog = 0;
		};
/* End PBXShellScriptBuildPhase section */

/* Begin PBXSourcesBuildPhase section */
		6A156C7D29B916260043F4B4 /* Sources */ = {
			isa = PBXSourcesBuildPhase;
			buildActionMask = 2147483647;
			files = (
				6AF044B129BA250400E24192 /* UserSingleton.swift in Sources */,
				6A156C8929B916260043F4B4 /* SignInViewController.swift in Sources */,
				6A99030A29B91B7800EDA07A /* UploadViewController.swift in Sources */,
				6A156C8529B916260043F4B4 /* AppDelegate.swift in Sources */,
				6A99030829B91B6B00EDA07A /* FeedViewController.swift in Sources */,
				6AE2356E29B9246900F6FAE6 /* SnapViewController.swift in Sources */,
				6A156C8729B916260043F4B4 /* SceneDelegate.swift in Sources */,
				6A56BCE329BB5159000AEA3F /* SnapModel.swift in Sources */,
				6A99030C29B91B8900EDA07A /* SettingsViewController.swift in Sources */,
				6A56BCE129BB4905000AEA3F /* FeedCell.swift in Sources */,
			);
			runOnlyForDeploymentPostprocessing = 0;
		};
/* End PBXSourcesBuildPhase section */

/* Begin PBXVariantGroup section */
		6A156C8A29B916260043F4B4 /* Main.storyboard */ = {
			isa = PBXVariantGroup;
			children = (
				6A156C8B29B916260043F4B4 /* Base */,
			);
			name = Main.storyboard;
			sourceTree = "<group>";
		};
		6A156C8F29B916270043F4B4 /* LaunchScreen.storyboard */ = {
			isa = PBXVariantGroup;
			children = (
				6A156C9029B916270043F4B4 /* Base */,
			);
			name = LaunchScreen.storyboard;
			sourceTree = "<group>";
		};
/* End PBXVariantGroup section */

/* Begin XCBuildConfiguration section */
		6A156C9329B916270043F4B4 /* Debug */ = {
			isa = XCBuildConfiguration;
			buildSettings = {
				ALWAYS_SEARCH_USER_PATHS = NO;
				CLANG_ANALYZER_NONNULL = YES;
				CLANG_ANALYZER_NUMBER_OBJECT_CONVERSION = YES_AGGRESSIVE;
				CLANG_CXX_LANGUAGE_STANDARD = "gnu++20";
				CLANG_ENABLE_MODULES = YES;
				CLANG_ENABLE_OBJC_ARC = YES;
				CLANG_ENABLE_OBJC_WEAK = YES;
				CLANG_WARN_BLOCK_CAPTURE_AUTORELEASING = YES;
				CLANG_WARN_BOOL_CONVERSION = YES;
				CLANG_WARN_COMMA = YES;
				CLANG_WARN_CONSTANT_CONVERSION = YES;
				CLANG_WARN_DEPRECATED_OBJC_IMPLEMENTATIONS = YES;
				CLANG_WARN_DIRECT_OBJC_ISA_USAGE = YES_ERROR;
				CLANG_WARN_DOCUMENTATION_COMMENTS = YES;
				CLANG_WARN_EMPTY_BODY = YES;
				CLANG_WARN_ENUM_CONVERSION = YES;
				CLANG_WARN_INFINITE_RECURSION = YES;
				CLANG_WARN_INT_CONVERSION = YES;
				CLANG_WARN_NON_LITERAL_NULL_CONVERSION = YES;
				CLANG_WARN_OBJC_IMPLICIT_RETAIN_SELF = YES;
				CLANG_WARN_OBJC_LITERAL_CONVERSION = YES;
				CLANG_WARN_OBJC_ROOT_CLASS = YES_ERROR;
				CLANG_WARN_QUOTED_INCLUDE_IN_FRAMEWORK_HEADER = YES;
				CLANG_WARN_RANGE_LOOP_ANALYSIS = YES;
				CLANG_WARN_STRICT_PROTOTYPES = YES;
				CLANG_WARN_SUSPICIOUS_MOVE = YES;
				CLANG_WARN_UNGUARDED_AVAILABILITY = YES_AGGRESSIVE;
				CLANG_WARN_UNREACHABLE_CODE = YES;
				CLANG_WARN__DUPLICATE_METHOD_MATCH = YES;
				COPY_PHASE_STRIP = NO;
				DEBUG_INFORMATION_FORMAT = dwarf;
				ENABLE_STRICT_OBJC_MSGSEND = YES;
				ENABLE_TESTABILITY = YES;
				GCC_C_LANGUAGE_STANDARD = gnu11;
				GCC_DYNAMIC_NO_PIC = NO;
				GCC_NO_COMMON_BLOCKS = YES;
				GCC_OPTIMIZATION_LEVEL = 0;
				GCC_PREPROCESSOR_DEFINITIONS = (
					"DEBUG=1",
					"$(inherited)",
				);
				GCC_WARN_64_TO_32_BIT_CONVERSION = YES;
				GCC_WARN_ABOUT_RETURN_TYPE = YES_ERROR;
				GCC_WARN_UNDECLARED_SELECTOR = YES;
				GCC_WARN_UNINITIALIZED_AUTOS = YES_AGGRESSIVE;
				GCC_WARN_UNUSED_FUNCTION = YES;
				GCC_WARN_UNUSED_VARIABLE = YES;
				IPHONEOS_DEPLOYMENT_TARGET = 16.0;
				MTL_ENABLE_DEBUG_INFO = INCLUDE_SOURCE;
				MTL_FAST_MATH = YES;
				ONLY_ACTIVE_ARCH = YES;
				SDKROOT = iphoneos;
				SWIFT_ACTIVE_COMPILATION_CONDITIONS = DEBUG;
				SWIFT_OPTIMIZATION_LEVEL = "-Onone";
			};
			name = Debug;
		};
		6A156C9429B916270043F4B4 /* Release */ = {
			isa = XCBuildConfiguration;
			buildSettings = {
				ALWAYS_SEARCH_USER_PATHS = NO;
				CLANG_ANALYZER_NONNULL = YES;
				CLANG_ANALYZER_NUMBER_OBJECT_CONVERSION = YES_AGGRESSIVE;
				CLANG_CXX_LANGUAGE_STANDARD = "gnu++20";
				CLANG_ENABLE_MODULES = YES;
				CLANG_ENABLE_OBJC_ARC = YES;
				CLANG_ENABLE_OBJC_WEAK = YES;
				CLANG_WARN_BLOCK_CAPTURE_AUTORELEASING = YES;
				CLANG_WARN_BOOL_CONVERSION = YES;
				CLANG_WARN_COMMA = YES;
				CLANG_WARN_CONSTANT_CONVERSION = YES;
				CLANG_WARN_DEPRECATED_OBJC_IMPLEMENTATIONS = YES;
				CLANG_WARN_DIRECT_OBJC_ISA_USAGE = YES_ERROR;
				CLANG_WARN_DOCUMENTATION_COMMENTS = YES;
				CLANG_WARN_EMPTY_BODY = YES;
				CLANG_WARN_ENUM_CONVERSION = YES;
				CLANG_WARN_INFINITE_RECURSION = YES;
				CLANG_WARN_INT_CONVERSION = YES;
				CLANG_WARN_NON_LITERAL_NULL_CONVERSION = YES;
				CLANG_WARN_OBJC_IMPLICIT_RETAIN_SELF = YES;
				CLANG_WARN_OBJC_LITERAL_CONVERSION = YES;
				CLANG_WARN_OBJC_ROOT_CLASS = YES_ERROR;
				CLANG_WARN_QUOTED_INCLUDE_IN_FRAMEWORK_HEADER = YES;
				CLANG_WARN_RANGE_LOOP_ANALYSIS = YES;
				CLANG_WARN_STRICT_PROTOTYPES = YES;
				CLANG_WARN_SUSPICIOUS_MOVE = YES;
				CLANG_WARN_UNGUARDED_AVAILABILITY = YES_AGGRESSIVE;
				CLANG_WARN_UNREACHABLE_CODE = YES;
				CLANG_WARN__DUPLICATE_METHOD_MATCH = YES;
				COPY_PHASE_STRIP = NO;
				DEBUG_INFORMATION_FORMAT = "dwarf-with-dsym";
				ENABLE_NS_ASSERTIONS = NO;
				ENABLE_STRICT_OBJC_MSGSEND = YES;
				GCC_C_LANGUAGE_STANDARD = gnu11;
				GCC_NO_COMMON_BLOCKS = YES;
				GCC_WARN_64_TO_32_BIT_CONVERSION = YES;
				GCC_WARN_ABOUT_RETURN_TYPE = YES_ERROR;
				GCC_WARN_UNDECLARED_SELECTOR = YES;
				GCC_WARN_UNINITIALIZED_AUTOS = YES_AGGRESSIVE;
				GCC_WARN_UNUSED_FUNCTION = YES;
				GCC_WARN_UNUSED_VARIABLE = YES;
				IPHONEOS_DEPLOYMENT_TARGET = 16.0;
				MTL_ENABLE_DEBUG_INFO = NO;
				MTL_FAST_MATH = YES;
				SDKROOT = iphoneos;
				SWIFT_COMPILATION_MODE = wholemodule;
				SWIFT_OPTIMIZATION_LEVEL = "-O";
				VALIDATE_PRODUCT = YES;
			};
			name = Release;
		};
		6A156C9629B916270043F4B4 /* Debug */ = {
			isa = XCBuildConfiguration;
			baseConfigurationReference = 8E2C72A935AABE012165474E /* Pods-BasicSnapchatClone.debug.xcconfig */;
			buildSettings = {
				ASSETCATALOG_COMPILER_APPICON_NAME = AppIcon;
				ASSETCATALOG_COMPILER_GLOBAL_ACCENT_COLOR_NAME = AccentColor;
				CODE_SIGN_STYLE = Automatic;
				CURRENT_PROJECT_VERSION = 1;
				DEVELOPMENT_TEAM = Y5JW4F4D62;
				GENERATE_INFOPLIST_FILE = YES;
				INFOPLIST_FILE = BasicSnapchatClone/Info.plist;
				INFOPLIST_KEY_UIApplicationSupportsIndirectInputEvents = YES;
				INFOPLIST_KEY_UILaunchStoryboardName = LaunchScreen;
				INFOPLIST_KEY_UIMainStoryboardFile = Main;
				INFOPLIST_KEY_UISupportedInterfaceOrientations_iPad = "UIInterfaceOrientationPortrait UIInterfaceOrientationPortraitUpsideDown UIInterfaceOrientationLandscapeLeft UIInterfaceOrientationLandscapeRight";
				INFOPLIST_KEY_UISupportedInterfaceOrientations_iPhone = "UIInterfaceOrientationPortrait UIInterfaceOrientationLandscapeLeft UIInterfaceOrientationLandscapeRight";
				LD_RUNPATH_SEARCH_PATHS = (
					"$(inherited)",
					"@executable_path/Frameworks",
				);
				MARKETING_VERSION = 1.0;
				PRODUCT_BUNDLE_IDENTIFIER = com.elifbilgeparlak.BasicSnapchatClone;
				PRODUCT_NAME = "$(TARGET_NAME)";
				SWIFT_EMIT_LOC_STRINGS = YES;
				SWIFT_VERSION = 5.0;
				TARGETED_DEVICE_FAMILY = "1,2";
			};
			name = Debug;
		};
		6A156C9729B916270043F4B4 /* Release */ = {
			isa = XCBuildConfiguration;
			baseConfigurationReference = 0FDC45636F5C2D561179F196 /* Pods-BasicSnapchatClone.release.xcconfig */;
			buildSettings = {
				ASSETCATALOG_COMPILER_APPICON_NAME = AppIcon;
				ASSETCATALOG_COMPILER_GLOBAL_ACCENT_COLOR_NAME = AccentColor;
				CODE_SIGN_STYLE = Automatic;
				CURRENT_PROJECT_VERSION = 1;
				DEVELOPMENT_TEAM = Y5JW4F4D62;
				GENERATE_INFOPLIST_FILE = YES;
				INFOPLIST_FILE = BasicSnapchatClone/Info.plist;
				INFOPLIST_KEY_UIApplicationSupportsIndirectInputEvents = YES;
				INFOPLIST_KEY_UILaunchStoryboardName = LaunchScreen;
				INFOPLIST_KEY_UIMainStoryboardFile = Main;
				INFOPLIST_KEY_UISupportedInterfaceOrientations_iPad = "UIInterfaceOrientationPortrait UIInterfaceOrientationPortraitUpsideDown UIInterfaceOrientationLandscapeLeft UIInterfaceOrientationLandscapeRight";
				INFOPLIST_KEY_UISupportedInterfaceOrientations_iPhone = "UIInterfaceOrientationPortrait UIInterfaceOrientationLandscapeLeft UIInterfaceOrientationLandscapeRight";
				LD_RUNPATH_SEARCH_PATHS = (
					"$(inherited)",
					"@executable_path/Frameworks",
				);
				MARKETING_VERSION = 1.0;
				PRODUCT_BUNDLE_IDENTIFIER = com.elifbilgeparlak.BasicSnapchatClone;
				PRODUCT_NAME = "$(TARGET_NAME)";
				SWIFT_EMIT_LOC_STRINGS = YES;
				SWIFT_VERSION = 5.0;
				TARGETED_DEVICE_FAMILY = "1,2";
			};
			name = Release;
		};
/* End XCBuildConfiguration section */

/* Begin XCConfigurationList section */
		6A156C7C29B916260043F4B4 /* Build configuration list for PBXProject "BasicSnapchatClone" */ = {
			isa = XCConfigurationList;
			buildConfigurations = (
				6A156C9329B916270043F4B4 /* Debug */,
				6A156C9429B916270043F4B4 /* Release */,
			);
			defaultConfigurationIsVisible = 0;
			defaultConfigurationName = Release;
		};
		6A156C9529B916270043F4B4 /* Build configuration list for PBXNativeTarget "BasicSnapchatClone" */ = {
			isa = XCConfigurationList;
			buildConfigurations = (
				6A156C9629B916270043F4B4 /* Debug */,
				6A156C9729B916270043F4B4 /* Release */,
			);
			defaultConfigurationIsVisible = 0;
			defaultConfigurationName = Release;
		};
/* End XCConfigurationList section */
	};
	rootObject = 6A156C7929B916260043F4B4 /* Project object */;
}
